
Microsoft Visual Studio Solution File, Format Version 12.00
Project("{FAE04EC0-301F-11D3-BF4B-00C04F79EFBC}") = "Bot250PingGod", "Bot250PingGod\Bot250PingGod.csproj", "{B92BD2DD-F600-4957-93D9-3D4FB93973B2}"
EndProject
Project("{FAE04EC0-301F-11D3-BF4B-00C04F79EFBC}") = "Bot250PingGod.Application", "Bot250PingGod.Application\Bot250PingGod.Application.csproj", "{BE039A4C-350C-4EDD-A330-879DEACC3912}"
EndProject
Project("{FAE04EC0-301F-11D3-BF4B-00C04F79EFBC}") = "Bot250PingGod.Core", "Bot250PingGod.Core\Bot250PingGod.Core.csproj", "{4F8512F2-0D55-47D3-8DE8-5745CB081C3B}"
EndProject
Project("{2150E333-8FDC-42A3-9474-1A3956D46DE8}") = "Infrastructure", "Infrastructure", "{B3703551-8260-40BA-BA42-20D65318FF44}"
EndProject
Project("{FAE04EC0-301F-11D3-BF4B-00C04F79EFBC}") = "Infrastructure.DataAccess", "Infrastructure\Infrastructure.DataAccess\Infrastructure.DataAccess.csproj", "{2D128F58-0B90-4574-A635-064B5685FBAC}"
EndProject
Project("{FAE04EC0-301F-11D3-BF4B-00C04F79EFBC}") = "Infrastructure.Seedwork", "Infrastructure\Infrastructure.Seedwork\Infrastructure.Seedwork.csproj", "{1C41A5D9-7391-470E-8663-545C68E4E2AF}"
EndProject
Project("{FAE04EC0-301F-11D3-BF4B-00C04F79EFBC}") = "Infrastructure.Logging", "Infrastructure\Infrastructure.Logging\Infrastructure.Logging.csproj", "{76861286-8817-4EE7-AD53-38A366AE9260}"
EndProject
Global
	GlobalSection(SolutionConfigurationPlatforms) = preSolution
		Debug|Any CPU = Debug|Any CPU
		Release|Any CPU = Release|Any CPU
	EndGlobalSection
	GlobalSection(ProjectConfigurationPlatforms) = postSolution
		{B92BD2DD-F600-4957-93D9-3D4FB93973B2}.Debug|Any CPU.ActiveCfg = Debug|Any CPU
		{B92BD2DD-F600-4957-93D9-3D4FB93973B2}.Debug|Any CPU.Build.0 = Debug|Any CPU
		{B92BD2DD-F600-4957-93D9-3D4FB93973B2}.Release|Any CPU.ActiveCfg = Release|Any CPU
		{B92BD2DD-F600-4957-93D9-3D4FB93973B2}.Release|Any CPU.Build.0 = Release|Any CPU
		{BE039A4C-350C-4EDD-A330-879DEACC3912}.Debug|Any CPU.ActiveCfg = Debug|Any CPU
		{BE039A4C-350C-4EDD-A330-879DEACC3912}.Debug|Any CPU.Build.0 = Debug|Any CPU
		{BE039A4C-350C-4EDD-A330-879DEACC3912}.Release|Any CPU.ActiveCfg = Release|Any CPU
		{BE039A4C-350C-4EDD-A330-879DEACC3912}.Release|Any CPU.Build.0 = Release|Any CPU
		{4F8512F2-0D55-47D3-8DE8-5745CB081C3B}.Debug|Any CPU.ActiveCfg = Debug|Any CPU
		{4F8512F2-0D55-47D3-8DE8-5745CB081C3B}.Debug|Any CPU.Build.0 = Debug|Any CPU
		{4F8512F2-0D55-47D3-8DE8-5745CB081C3B}.Release|Any CPU.ActiveCfg = Release|Any CPU
		{4F8512F2-0D55-47D3-8DE8-5745CB081C3B}.Release|Any CPU.Build.0 = Release|Any CPU
		{2D128F58-0B90-4574-A635-064B5685FBAC}.Debug|Any CPU.ActiveCfg = Debug|Any CPU
		{2D128F58-0B90-4574-A635-064B5685FBAC}.Debug|Any CPU.Build.0 = Debug|Any CPU
		{2D128F58-0B90-4574-A635-064B5685FBAC}.Release|Any CPU.ActiveCfg = Release|Any CPU
		{2D128F58-0B90-4574-A635-064B5685FBAC}.Release|Any CPU.Build.0 = Release|Any CPU
		{1C41A5D9-7391-470E-8663-545C68E4E2AF}.Debug|Any CPU.ActiveCfg = Debug|Any CPU
		{1C41A5D9-7391-470E-8663-545C68E4E2AF}.Debug|Any CPU.Build.0 = Debug|Any CPU
		{1C41A5D9-7391-470E-8663-545C68E4E2AF}.Release|Any CPU.ActiveCfg = Release|Any CPU
		{1C41A5D9-7391-470E-8663-545C68E4E2AF}.Release|Any CPU.Build.0 = Release|Any CPU
		{76861286-8817-4EE7-AD53-38A366AE9260}.Debug|Any CPU.ActiveCfg = Debug|Any CPU
		{76861286-8817-4EE7-AD53-38A366AE9260}.Debug|Any CPU.Build.0 = Debug|Any CPU
		{76861286-8817-4EE7-AD53-38A366AE9260}.Release|Any CPU.ActiveCfg = Release|Any CPU
		{76861286-8817-4EE7-AD53-38A366AE9260}.Release|Any CPU.Build.0 = Release|Any CPU
	EndGlobalSection
	GlobalSection(NestedProjects) = preSolution
		{2D128F58-0B90-4574-A635-064B5685FBAC} = {B3703551-8260-40BA-BA42-20D65318FF44}
		{1C41A5D9-7391-470E-8663-545C68E4E2AF} = {B3703551-8260-40BA-BA42-20D65318FF44}
		{76861286-8817-4EE7-AD53-38A366AE9260} = {B3703551-8260-40BA-BA42-20D65318FF44}
	EndGlobalSection
EndGlobal
